// !$*UTF8*$!
{
	archiveVersion = 1;
	classes = {
	};
	objectVersion = 50;
	objects = {

/* Begin PBXBuildFile section */
		4E5390C2261BE8140021CA01 /* AppDelegate.swift in Sources */ = {isa = PBXBuildFile; fileRef = 4E5390C1261BE8140021CA01 /* AppDelegate.swift */; };
		4E5390C4261BE8140021CA01 /* SceneDelegate.swift in Sources */ = {isa = PBXBuildFile; fileRef = 4E5390C3261BE8140021CA01 /* SceneDelegate.swift */; };
		4E5390C6261BE8140021CA01 /* ViewController.swift in Sources */ = {isa = PBXBuildFile; fileRef = 4E5390C5261BE8140021CA01 /* ViewController.swift */; };
		4E5390C9261BE8140021CA01 /* Main.storyboard in Resources */ = {isa = PBXBuildFile; fileRef = 4E5390C7261BE8140021CA01 /* Main.storyboard */; };
		4E5390CB261BE8160021CA01 /* Assets.xcassets in Resources */ = {isa = PBXBuildFile; fileRef = 4E5390CA261BE8160021CA01 /* Assets.xcassets */; };
		4E5390CE261BE8160021CA01 /* LaunchScreen.storyboard in Resources */ = {isa = PBXBuildFile; fileRef = 4E5390CC261BE8160021CA01 /* LaunchScreen.storyboard */; };
		4E5390D9261BE8160021CA01 /* weatherTests.swift in Sources */ = {isa = PBXBuildFile; fileRef = 4E5390D8261BE8160021CA01 /* weatherTests.swift */; };
		4E5390E4261BE8160021CA01 /* weatherUITests.swift in Sources */ = {isa = PBXBuildFile; fileRef = 4E5390E3261BE8160021CA01 /* weatherUITests.swift */; };
/* End PBXBuildFile section */

/* Begin PBXContainerItemProxy section */
		4E5390D5261BE8160021CA01 /* PBXContainerItemProxy */ = {
			isa = PBXContainerItemProxy;
			containerPortal = 4E5390B6261BE8140021CA01 /* Project object */;
			proxyType = 1;
			remoteGlobalIDString = 4E5390BD261BE8140021CA01;
			remoteInfo = weather;
		};
		4E5390E0261BE8160021CA01 /* PBXContainerItemProxy */ = {
			isa = PBXContainerItemProxy;
			containerPortal = 4E5390B6261BE8140021CA01 /* Project object */;
			proxyType = 1;
			remoteGlobalIDString = 4E5390BD261BE8140021CA01;
			remoteInfo = weather;
		};
/* End PBXContainerItemProxy section */

/* Begin PBXFileReference section */
		4E5390BE261BE8140021CA01 /* weather.app */ = {isa = PBXFileReference; explicitFileType = wrapper.application; includeInIndex = 0; path = weather.app; sourceTree = BUILT_PRODUCTS_DIR; };
		4E5390C1261BE8140021CA01 /* AppDelegate.swift */ = {isa = PBXFileReference; lastKnownFileType = sourcecode.swift; path = AppDelegate.swift; sourceTree = "<group>"; };
		4E5390C3261BE8140021CA01 /* SceneDelegate.swift */ = {isa = PBXFileReference; lastKnownFileType = sourcecode.swift; path = SceneDelegate.swift; sourceTree = "<group>"; };
		4E5390C5261BE8140021CA01 /* ViewController.swift */ = {isa = PBXFileReference; lastKnownFileType = sourcecode.swift; path = ViewController.swift; sourceTree = "<group>"; };
		4E5390C8261BE8140021CA01 /* Base */ = {isa = PBXFileReference; lastKnownFileType = file.storyboard; name = Base; path = Base.lproj/Main.storyboard; sourceTree = "<group>"; };
		4E5390CA261BE8160021CA01 /* Assets.xcassets */ = {isa = PBXFileReference; lastKnownFileType = folder.assetcatalog; path = Assets.xcassets; sourceTree = "<group>"; };
		4E5390CD261BE8160021CA01 /* Base */ = {isa = PBXFileReference; lastKnownFileType = file.storyboard; name = Base; path = Base.lproj/LaunchScreen.storyboard; sourceTree = "<group>"; };
		4E5390CF261BE8160021CA01 /* Info.plist */ = {isa = PBXFileReference; lastKnownFileType = text.plist.xml; path = Info.plist; sourceTree = "<group>"; };
		4E5390D4261BE8160021CA01 /* weatherTests.xctest */ = {isa = PBXFileReference; explicitFileType = wrapper.cfbundle; includeInIndex = 0; path = weatherTests.xctest; sourceTree = BUILT_PRODUCTS_DIR; };
		4E5390D8261BE8160021CA01 /* weatherTests.swift */ = {isa = PBXFileReference; lastKnownFileType = sourcecode.swift; path = weatherTests.swift; sourceTree = "<group>"; };
		4E5390DA261BE8160021CA01 /* Info.plist */ = {isa = PBXFileReference; lastKnownFileType = text.plist.xml; path = Info.plist; sourceTree = "<group>"; };
		4E5390DF261BE8160021CA01 /* weatherUITests.xctest */ = {isa = PBXFileReference; explicitFileType = wrapper.cfbundle; includeInIndex = 0; path = weatherUITests.xctest; sourceTree = BUILT_PRODUCTS_DIR; };
		4E5390E3261BE8160021CA01 /* weatherUITests.swift */ = {isa = PBXFileReference; lastKnownFileType = sourcecode.swift; path = weatherUITests.swift; sourceTree = "<group>"; };
		4E5390E5261BE8160021CA01 /* Info.plist */ = {isa = PBXFileReference; lastKnownFileType = text.plist.xml; path = Info.plist; sourceTree = "<group>"; };
/* End PBXFileReference section */

/* Begin PBXFrameworksBuildPhase section */
		4E5390BB261BE8140021CA01 /* Frameworks */ = {
			isa = PBXFrameworksBuildPhase;
			buildActionMask = 2147483647;
			files = (
			);
			runOnlyForDeploymentPostprocessing = 0;
		};
		4E5390D1261BE8160021CA01 /* Frameworks */ = {
			isa = PBXFrameworksBuildPhase;
			buildActionMask = 2147483647;
			files = (
			);
			runOnlyForDeploymentPostprocessing = 0;
		};
		4E5390DC261BE8160021CA01 /* Frameworks */ = {
			isa = PBXFrameworksBuildPhase;
			buildActionMask = 2147483647;
			files = (
			);
			runOnlyForDeploymentPostprocessing = 0;
		};
/* End PBXFrameworksBuildPhase section */

/* Begin PBXGroup section */
		4E5390B5261BE8140021CA01 = {
			isa = PBXGroup;
			children = (
				4E5390C0261BE8140021CA01 /* weather */,
				4E5390D7261BE8160021CA01 /* weatherTests */,
				4E5390E2261BE8160021CA01 /* weatherUITests */,
				4E5390BF261BE8140021CA01 /* Products */,
			);
			sourceTree = "<group>";
		};
		4E5390BF261BE8140021CA01 /* Products */ = {
			isa = PBXGroup;
			children = (
				4E5390BE261BE8140021CA01 /* weather.app */,
				4E5390D4261BE8160021CA01 /* weatherTests.xctest */,
				4E5390DF261BE8160021CA01 /* weatherUITests.xctest */,
			);
			name = Products;
			sourceTree = "<group>";
		};
		4E5390C0261BE8140021CA01 /* weather */ = {
			isa = PBXGroup;
			children = (
				4E5390C1261BE8140021CA01 /* AppDelegate.swift */,
				4E5390C3261BE8140021CA01 /* SceneDelegate.swift */,
				4E5390C5261BE8140021CA01 /* ViewController.swift */,
				4E5390C7261BE8140021CA01 /* Main.storyboard */,
				4E5390CA261BE8160021CA01 /* Assets.xcassets */,
				4E5390CC261BE8160021CA01 /* LaunchScreen.storyboard */,
				4E5390CF261BE8160021CA01 /* Info.plist */,
			);
			path = weather;
			sourceTree = "<group>";
		};
		4E5390D7261BE8160021CA01 /* weatherTests */ = {
			isa = PBXGroup;
			children = (
				4E5390D8261BE8160021CA01 /* weatherTests.swift */,
				4E5390DA261BE8160021CA01 /* Info.plist */,
			);
			path = weatherTests;
			sourceTree = "<group>";
		};
		4E5390E2261BE8160021CA01 /* weatherUITests */ = {
			isa = PBXGroup;
			children = (
				4E5390E3261BE8160021CA01 /* weatherUITests.swift */,
				4E5390E5261BE8160021CA01 /* Info.plist */,
			);
			path = weatherUITests;
			sourceTree = "<group>";
		};
/* End PBXGroup section */

/* Begin PBXNativeTarget section */
		4E5390BD261BE8140021CA01 /* weather */ = {
			isa = PBXNativeTarget;
			buildConfigurationList = 4E5390E8261BE8160021CA01 /* Build configuration list for PBXNativeTarget "weather" */;
			buildPhases = (
				4E5390BA261BE8140021CA01 /* Sources */,
				4E5390BB261BE8140021CA01 /* Frameworks */,
				4E5390BC261BE8140021CA01 /* Resources */,
			);
			buildRules = (
			);
			dependencies = (
			);
			name = weather;
			productName = weather;
			productReference = 4E5390BE261BE8140021CA01 /* weather.app */;
			productType = "com.apple.product-type.application";
		};
		4E5390D3261BE8160021CA01 /* weatherTests */ = {
			isa = PBXNativeTarget;
			buildConfigurationList = 4E5390EB261BE8160021CA01 /* Build configuration list for PBXNativeTarget "weatherTests" */;
			buildPhases = (
				4E5390D0261BE8160021CA01 /* Sources */,
				4E5390D1261BE8160021CA01 /* Frameworks */,
				4E5390D2261BE8160021CA01 /* Resources */,
			);
			buildRules = (
			);
			dependencies = (
				4E5390D6261BE8160021CA01 /* PBXTargetDependency */,
			);
			name = weatherTests;
			productName = weatherTests;
			productReference = 4E5390D4261BE8160021CA01 /* weatherTests.xctest */;
			productType = "com.apple.product-type.bundle.unit-test";
		};
		4E5390DE261BE8160021CA01 /* weatherUITests */ = {
			isa = PBXNativeTarget;
			buildConfigurationList = 4E5390EE261BE8160021CA01 /* Build configuration list for PBXNativeTarget "weatherUITests" */;
			buildPhases = (
				4E5390DB261BE8160021CA01 /* Sources */,
				4E5390DC261BE8160021CA01 /* Frameworks */,
				4E5390DD261BE8160021CA01 /* Resources */,
			);
			buildRules = (
			);
			dependencies = (
				4E5390E1261BE8160021CA01 /* PBXTargetDependency */,
			);
			name = weatherUITests;
			productName = weatherUITests;
			productReference = 4E5390DF261BE8160021CA01 /* weatherUITests.xctest */;
			productType = "com.apple.product-type.bundle.ui-testing";
		};
/* End PBXNativeTarget section */

/* Begin PBXProject section */
		4E5390B6261BE8140021CA01 /* Project object */ = {
			isa = PBXProject;
			attributes = {
				LastSwiftUpdateCheck = 1230;
				LastUpgradeCheck = 1230;
				TargetAttributes = {
					4E5390BD261BE8140021CA01 = {
						CreatedOnToolsVersion = 12.3;
					};
					4E5390D3261BE8160021CA01 = {
						CreatedOnToolsVersion = 12.3;
						TestTargetID = 4E5390BD261BE8140021CA01;
					};
					4E5390DE261BE8160021CA01 = {
						CreatedOnToolsVersion = 12.3;
						TestTargetID = 4E5390BD261BE8140021CA01;
					};
				};
			};
			buildConfigurationList = 4E5390B9261BE8140021CA01 /* Build configuration list for PBXProject "weather" */;
			compatibilityVersion = "Xcode 9.3";
			developmentRegion = en;
			hasScannedForEncodings = 0;
			knownRegions = (
				en,
				Base,
			);
			mainGroup = 4E5390B5261BE8140021CA01;
			productRefGroup = 4E5390BF261BE8140021CA01 /* Products */;
			projectDirPath = "";
			projectRoot = "";
			targets = (
				4E5390BD261BE8140021CA01 /* weather */,
				4E5390D3261BE8160021CA01 /* weatherTests */,
				4E5390DE261BE8160021CA01 /* weatherUITests */,
			);
		};
/* End PBXProject section */

/* Begin PBXResourcesBuildPhase section */
		4E5390BC261BE8140021CA01 /* Resources */ = {
			isa = PBXResourcesBuildPhase;
			buildActionMask = 2147483647;
			files = (
				4E5390CE261BE8160021CA01 /* LaunchScreen.storyboard in Resources */,
				4E5390CB261BE8160021CA01 /* Assets.xcassets in Resources */,
				4E5390C9261BE8140021CA01 /* Main.storyboard in Resources */,
			);
			runOnlyForDeploymentPostprocessing = 0;
		};
		4E5390D2261BE8160021CA01 /* Resources */ = {
			isa = PBXResourcesBuildPhase;
			buildActionMask = 2147483647;
			files = (
			);
			runOnlyForDeploymentPostprocessing = 0;
		};
		4E5390DD261BE8160021CA01 /* Resources */ = {
			isa = PBXResourcesBuildPhase;
			buildActionMask = 2147483647;
			files = (
			);
			runOnlyForDeploymentPostprocessing = 0;
		};
/* End PBXResourcesBuildPhase section */

/* Begin PBXSourcesBuildPhase section */
		4E5390BA261BE8140021CA01 /* Sources */ = {
			isa = PBXSourcesBuildPhase;
			buildActionMask = 2147483647;
			files = (
				4E5390C6261BE8140021CA01 /* ViewController.swift in Sources */,
				4E5390C2261BE8140021CA01 /* AppDelegate.swift in Sources */,
				4E5390C4261BE8140021CA01 /* SceneDelegate.swift in Sources */,
			);
			runOnlyForDeploymentPostprocessing = 0;
		};
		4E5390D0261BE8160021CA01 /* Sources */ = {
			isa = PBXSourcesBuildPhase;
			buildActionMask = 2147483647;
			files = (
				4E5390D9261BE8160021CA01 /* weatherTests.swift in Sources */,
			);
			runOnlyForDeploymentPostprocessing = 0;
		};
		4E5390DB261BE8160021CA01 /* Sources */ = {
			isa = PBXSourcesBuildPhase;
			buildActionMask = 2147483647;
			files = (
				4E5390E4261BE8160021CA01 /* weatherUITests.swift in Sources */,
			);
			runOnlyForDeploymentPostprocessing = 0;
		};
/* End PBXSourcesBuildPhase section */

/* Begin PBXTargetDependency section */
		4E5390D6261BE8160021CA01 /* PBXTargetDependency */ = {
			isa = PBXTargetDependency;
			target = 4E5390BD261BE8140021CA01 /* weather */;
			targetProxy = 4E5390D5261BE8160021CA01 /* PBXContainerItemProxy */;
		};
		4E5390E1261BE8160021CA01 /* PBXTargetDependency */ = {
			isa = PBXTargetDependency;
			target = 4E5390BD261BE8140021CA01 /* weather */;
			targetProxy = 4E5390E0261BE8160021CA01 /* PBXContainerItemProxy */;
		};
/* End PBXTargetDependency section */

/* Begin PBXVariantGroup section */
		4E5390C7261BE8140021CA01 /* Main.storyboard */ = {
			isa = PBXVariantGroup;
			children = (
				4E5390C8261BE8140021CA01 /* Base */,
			);
			name = Main.storyboard;
			sourceTree = "<group>";
		};
		4E5390CC261BE8160021CA01 /* LaunchScreen.storyboard */ = {
			isa = PBXVariantGroup;
			children = (
				4E5390CD261BE8160021CA01 /* Base */,
			);
			name = LaunchScreen.storyboard;
			sourceTree = "<group>";
		};
/* End PBXVariantGroup section */

/* Begin XCBuildConfiguration section */
		4E5390E6261BE8160021CA01 /* Debug */ = {
			isa = XCBuildConfiguration;
			buildSettings = {
				ALWAYS_SEARCH_USER_PATHS = NO;
				CLANG_ANALYZER_NONNULL = YES;
				CLANG_ANALYZER_NUMBER_OBJECT_CONVERSION = YES_AGGRESSIVE;
				CLANG_CXX_LANGUAGE_STANDARD = "gnu++14";
				CLANG_CXX_LIBRARY = "libc++";
				CLANG_ENABLE_MODULES = YES;
				CLANG_ENABLE_OBJC_ARC = YES;
				CLANG_ENABLE_OBJC_WEAK = YES;
				CLANG_WARN_BLOCK_CAPTURE_AUTORELEASING = YES;
				CLANG_WARN_BOOL_CONVERSION = YES;
				CLANG_WARN_COMMA = YES;
				CLANG_WARN_CONSTANT_CONVERSION = YES;
				CLANG_WARN_DEPRECATED_OBJC_IMPLEMENTATIONS = YES;
				CLANG_WARN_DIRECT_OBJC_ISA_USAGE = YES_ERROR;
				CLANG_WARN_DOCUMENTATION_COMMENTS = YES;
				CLANG_WARN_EMPTY_BODY = YES;
				CLANG_WARN_ENUM_CONVERSION = YES;
				CLANG_WARN_INFINITE_RECURSION = YES;
				CLANG_WARN_INT_CONVERSION = YES;
				CLANG_WARN_NON_LITERAL_NULL_CONVERSION = YES;
				CLANG_WARN_OBJC_IMPLICIT_RETAIN_SELF = YES;
				CLANG_WARN_OBJC_LITERAL_CONVERSION = YES;
				CLANG_WARN_OBJC_ROOT_CLASS = YES_ERROR;
				CLANG_WARN_QUOTED_INCLUDE_IN_FRAMEWORK_HEADER = YES;
				CLANG_WARN_RANGE_LOOP_ANALYSIS = YES;
				CLANG_WARN_STRICT_PROTOTYPES = YES;
				CLANG_WARN_SUSPICIOUS_MOVE = YES;
				CLANG_WARN_UNGUARDED_AVAILABILITY = YES_AGGRESSIVE;
				CLANG_WARN_UNREACHABLE_CODE = YES;
				CLANG_WARN__DUPLICATE_METHOD_MATCH = YES;
				COPY_PHASE_STRIP = NO;
				DEBUG_INFORMATION_FORMAT = dwarf;
				ENABLE_STRICT_OBJC_MSGSEND = YES;
				ENABLE_TESTABILITY = YES;
				GCC_C_LANGUAGE_STANDARD = gnu11;
				GCC_DYNAMIC_NO_PIC = NO;
				GCC_NO_COMMON_BLOCKS = YES;
				GCC_OPTIMIZATION_LEVEL = 0;
				GCC_PREPROCESSOR_DEFINITIONS = (
					"DEBUG=1",
					"$(inherited)",
				);
				GCC_WARN_64_TO_32_BIT_CONVERSION = YES;
				GCC_WARN_ABOUT_RETURN_TYPE = YES_ERROR;
				GCC_WARN_UNDECLARED_SELECTOR = YES;
				GCC_WARN_UNINITIALIZED_AUTOS = YES_AGGRESSIVE;
				GCC_WARN_UNUSED_FUNCTION = YES;
				GCC_WARN_UNUSED_VARIABLE = YES;
				IPHONEOS_DEPLOYMENT_TARGET = 14.3;
				MTL_ENABLE_DEBUG_INFO = INCLUDE_SOURCE;
				MTL_FAST_MATH = YES;
				ONLY_ACTIVE_ARCH = YES;
				SDKROOT = iphoneos;
				SWIFT_ACTIVE_COMPILATION_CONDITIONS = DEBUG;
				SWIFT_OPTIMIZATION_LEVEL = "-Onone";
			};
			name = Debug;
		};
		4E5390E7261BE8160021CA01 /* Release */ = {
			isa = XCBuildConfiguration;
			buildSettings = {
				ALWAYS_SEARCH_USER_PATHS = NO;
				CLANG_ANALYZER_NONNULL = YES;
				CLANG_ANALYZER_NUMBER_OBJECT_CONVERSION = YES_AGGRESSIVE;
				CLANG_CXX_LANGUAGE_STANDARD = "gnu++14";
				CLANG_CXX_LIBRARY = "libc++";
				CLANG_ENABLE_MODULES = YES;
				CLANG_ENABLE_OBJC_ARC = YES;
				CLANG_ENABLE_OBJC_WEAK = YES;
				CLANG_WARN_BLOCK_CAPTURE_AUTORELEASING = YES;
				CLANG_WARN_BOOL_CONVERSION = YES;
				CLANG_WARN_COMMA = YES;
				CLANG_WARN_CONSTANT_CONVERSION = YES;
				CLANG_WARN_DEPRECATED_OBJC_IMPLEMENTATIONS = YES;
				CLANG_WARN_DIRECT_OBJC_ISA_USAGE = YES_ERROR;
				CLANG_WARN_DOCUMENTATION_COMMENTS = YES;
				CLANG_WARN_EMPTY_BODY = YES;
				CLANG_WARN_ENUM_CONVERSION = YES;
				CLANG_WARN_INFINITE_RECURSION = YES;
				CLANG_WARN_INT_CONVERSION = YES;
				CLANG_WARN_NON_LITERAL_NULL_CONVERSION = YES;
				CLANG_WARN_OBJC_IMPLICIT_RETAIN_SELF = YES;
				CLANG_WARN_OBJC_LITERAL_CONVERSION = YES;
				CLANG_WARN_OBJC_ROOT_CLASS = YES_ERROR;
				CLANG_WARN_QUOTED_INCLUDE_IN_FRAMEWORK_HEADER = YES;
				CLANG_WARN_RANGE_LOOP_ANALYSIS = YES;
				CLANG_WARN_STRICT_PROTOTYPES = YES;
				CLANG_WARN_SUSPICIOUS_MOVE = YES;
				CLANG_WARN_UNGUARDED_AVAILABILITY = YES_AGGRESSIVE;
				CLANG_WARN_UNREACHABLE_CODE = YES;
				CLANG_WARN__DUPLICATE_METHOD_MATCH = YES;
				COPY_PHASE_STRIP = NO;
				DEBUG_INFORMATION_FORMAT = "dwarf-with-dsym";
				ENABLE_NS_ASSERTIONS = NO;
				ENABLE_STRICT_OBJC_MSGSEND = YES;
				GCC_C_LANGUAGE_STANDARD = gnu11;
				GCC_NO_COMMON_BLOCKS = YES;
				GCC_WARN_64_TO_32_BIT_CONVERSION = YES;
				GCC_WARN_ABOUT_RETURN_TYPE = YES_ERROR;
				GCC_WARN_UNDECLARED_SELECTOR = YES;
				GCC_WARN_UNINITIALIZED_AUTOS = YES_AGGRESSIVE;
				GCC_WARN_UNUSED_FUNCTION = YES;
				GCC_WARN_UNUSED_VARIABLE = YES;
				IPHONEOS_DEPLOYMENT_TARGET = 14.3;
				MTL_ENABLE_DEBUG_INFO = NO;
				MTL_FAST_MATH = YES;
				SDKROOT = iphoneos;
				SWIFT_COMPILATION_MODE = wholemodule;
				SWIFT_OPTIMIZATION_LEVEL = "-O";
				VALIDATE_PRODUCT = YES;
			};
			name = Release;
		};
		4E5390E9261BE8160021CA01 /* Debug */ = {
			isa = XCBuildConfiguration;
			buildSettings = {
				ASSETCATALOG_COMPILER_APPICON_NAME = AppIcon;
				ASSETCATALOG_COMPILER_GLOBAL_ACCENT_COLOR_NAME = AccentColor;
				CODE_SIGN_STYLE = Automatic;
				INFOPLIST_FILE = weather/Info.plist;
				LD_RUNPATH_SEARCH_PATHS = (
					"$(inherited)",
					"@executable_path/Frameworks",
				);
				PRODUCT_BUNDLE_IDENTIFIER = kaleidot725.weather;
				PRODUCT_NAME = "$(TARGET_NAME)";
				SWIFT_VERSION = 5.0;
				TARGETED_DEVICE_FAMILY = "1,2";
			};
			name = Debug;
		};
		4E5390EA261BE8160021CA01 /* Release */ = {
			isa = XCBuildConfiguration;
			buildSettings = {
				ASSETCATALOG_COMPILER_APPICON_NAME = AppIcon;
				ASSETCATALOG_COMPILER_GLOBAL_ACCENT_COLOR_NAME = AccentColor;
				CODE_SIGN_STYLE = Automatic;
				INFOPLIST_FILE = weather/Info.plist;
				LD_RUNPATH_SEARCH_PATHS = (
					"$(inherited)",
					"@executable_path/Frameworks",
				);
				PRODUCT_BUNDLE_IDENTIFIER = kaleidot725.weather;
				PRODUCT_NAME = "$(TARGET_NAME)";
				SWIFT_VERSION = 5.0;
				TARGETED_DEVICE_FAMILY = "1,2";
			};
			name = Release;
		};
		4E5390EC261BE8160021CA01 /* Debug */ = {
			isa = XCBuildConfiguration;
			buildSettings = {
				ALWAYS_EMBED_SWIFT_STANDARD_LIBRARIES = YES;
				BUNDLE_LOADER = "$(TEST_HOST)";
				CODE_SIGN_STYLE = Automatic;
				INFOPLIST_FILE = weatherTests/Info.plist;
				IPHONEOS_DEPLOYMENT_TARGET = 14.3;
				LD_RUNPATH_SEARCH_PATHS = (
					"$(inherited)",
					"@executable_path/Frameworks",
					"@loader_path/Frameworks",
				);
				PRODUCT_BUNDLE_IDENTIFIER = kaleidot725.weatherTests;
				PRODUCT_NAME = "$(TARGET_NAME)";
				SWIFT_VERSION = 5.0;
				TARGETED_DEVICE_FAMILY = "1,2";
				TEST_HOST = "$(BUILT_PRODUCTS_DIR)/weather.app/weather";
			};
			name = Debug;
		};
		4E5390ED261BE8160021CA01 /* Release */ = {
			isa = XCBuildConfiguration;
			buildSettings = {
				ALWAYS_EMBED_SWIFT_STANDARD_LIBRARIES = YES;
				BUNDLE_LOADER = "$(TEST_HOST)";
				CODE_SIGN_STYLE = Automatic;
				INFOPLIST_FILE = weatherTests/Info.plist;
				IPHONEOS_DEPLOYMENT_TARGET = 14.3;
				LD_RUNPATH_SEARCH_PATHS = (
					"$(inherited)",
					"@executable_path/Frameworks",
					"@loader_path/Frameworks",
				);
				PRODUCT_BUNDLE_IDENTIFIER = kaleidot725.weatherTests;
				PRODUCT_NAME = "$(TARGET_NAME)";
				SWIFT_VERSION = 5.0;
				TARGETED_DEVICE_FAMILY = "1,2";
				TEST_HOST = "$(BUILT_PRODUCTS_DIR)/weather.app/weather";
			};
			name = Release;
		};
		4E5390EF261BE8160021CA01 /* Debug */ = {
			isa = XCBuildConfiguration;
			buildSettings = {
				ALWAYS_EMBED_SWIFT_STANDARD_LIBRARIES = YES;
				CODE_SIGN_STYLE = Automatic;
				INFOPLIST_FILE = weatherUITests/Info.plist;
				LD_RUNPATH_SEARCH_PATHS = (
					"$(inherited)",
					"@executable_path/Frameworks",
					"@loader_path/Frameworks",
				);
				PRODUCT_BUNDLE_IDENTIFIER = kaleidot725.weatherUITests;
				PRODUCT_NAME = "$(TARGET_NAME)";
				SWIFT_VERSION = 5.0;
				TARGETED_DEVICE_FAMILY = "1,2";
				TEST_TARGET_NAME = weather;
			};
			name = Debug;
		};
		4E5390F0261BE8160021CA01 /* Release */ = {
			isa = XCBuildConfiguration;
			buildSettings = {
				ALWAYS_EMBED_SWIFT_STANDARD_LIBRARIES = YES;
				CODE_SIGN_STYLE = Automatic;
				INFOPLIST_FILE = weatherUITests/Info.plist;
				LD_RUNPATH_SEARCH_PATHS = (
					"$(inherited)",
					"@executable_path/Frameworks",
					"@loader_path/Frameworks",
				);
				PRODUCT_BUNDLE_IDENTIFIER = kaleidot725.weatherUITests;
				PRODUCT_NAME = "$(TARGET_NAME)";
				SWIFT_VERSION = 5.0;
				TARGETED_DEVICE_FAMILY = "1,2";
				TEST_TARGET_NAME = weather;
			};
			name = Release;
		};
/* End XCBuildConfiguration section */

/* Begin XCConfigurationList section */
		4E5390B9261BE8140021CA01 /* Build configuration list for PBXProject "weather" */ = {
			isa = XCConfigurationList;
			buildConfigurations = (
				4E5390E6261BE8160021CA01 /* Debug */,
				4E5390E7261BE8160021CA01 /* Release */,
			);
			defaultConfigurationIsVisible = 0;
			defaultConfigurationName = Release;
		};
		4E5390E8261BE8160021CA01 /* Build configuration list for PBXNativeTarget "weather" */ = {
			isa = XCConfigurationList;
			buildConfigurations = (
				4E5390E9261BE8160021CA01 /* Debug */,
				4E5390EA261BE8160021CA01 /* Release */,
			);
			defaultConfigurationIsVisible = 0;
			defaultConfigurationName = Release;
		};
		4E5390EB261BE8160021CA01 /* Build configuration list for PBXNativeTarget "weatherTests" */ = {
			isa = XCConfigurationList;
			buildConfigurations = (
				4E5390EC261BE8160021CA01 /* Debug */,
				4E5390ED261BE8160021CA01 /* Release */,
			);
			defaultConfigurationIsVisible = 0;
			defaultConfigurationName = Release;
		};
		4E5390EE261BE8160021CA01 /* Build configuration list for PBXNativeTarget "weatherUITests" */ = {
			isa = XCConfigurationList;
			buildConfigurations = (
				4E5390EF261BE8160021CA01 /* Debug */,
				4E5390F0261BE8160021CA01 /* Release */,
			);
			defaultConfigurationIsVisible = 0;
			defaultConfigurationName = Release;
		};
/* End XCConfigurationList section */
	};
	rootObject = 4E5390B6261BE8140021CA01 /* Project object */;
}
